
Microsoft Visual Studio Solution File, Format Version 12.00
# Visual Studio Version 17
VisualStudioVersion = 17.7.34221.43
MinimumVisualStudioVersion = 10.0.40219.1
Project("{FAE04EC0-301F-11D3-BF4B-00C04F79EFBC}") = "CrawlingTool", "CrawlingTool\CrawlingTool.csproj", "{D5FF2B64-6848-440A-8EB2-8E18BC64A2BC}"
EndProject
Global
	GlobalSection(SolutionConfigurationPlatforms) = preSolution
		Debug|Any CPU = Debug|Any CPU
		Release|Any CPU = Release|Any CPU
	EndGlobalSection
	GlobalSection(ProjectConfigurationPlatforms) = postSolution
		{D5FF2B64-6848-440A-8EB2-8E18BC64A2BC}.Debug|Any CPU.ActiveCfg = Debug|Any CPU
		{D5FF2B64-6848-440A-8EB2-8E18BC64A2BC}.Debug|Any CPU.Build.0 = Debug|Any CPU
		{D5FF2B64-6848-440A-8EB2-8E18BC64A2BC}.Release|Any CPU.ActiveCfg = Release|Any CPU
		{D5FF2B64-6848-440A-8EB2-8E18BC64A2BC}.Release|Any CPU.Build.0 = Release|Any CPU
	EndGlobalSection
	GlobalSection(SolutionProperties) = preSolution
		HideSolutionNode = FALSE
	EndGlobalSection
	GlobalSection(ExtensibilityGlobals) = postSolution
		SolutionGuid = {F13B21C8-694F-4C4C-9E86-A83BFFA80BBB}
	EndGlobalSection
EndGlobal
